
Microsoft Visual Studio Solution File, Format Version 12.00
# Visual Studio Version 16
VisualStudioVersion = 16.0.29609.76
MinimumVisualStudioVersion = 10.0.40219.1
Project("{2150E333-8FDC-42A3-9474-1A3956D46DE8}") = "src", "src", "{2162E76A-3FC3-4FE4-95A0-28C680F850B5}"
EndProject
Project("{2150E333-8FDC-42A3-9474-1A3956D46DE8}") = "test", "test", "{0B6EBAF3-AC02-4121-95F5-206CFCA917A1}"
EndProject
Project("{2150E333-8FDC-42A3-9474-1A3956D46DE8}") = "tools", "tools", "{E42A36BE-21ED-4E40-9D4A-AC4AE6B6EA38}"
EndProject
Project("{FAE04EC0-301F-11D3-BF4B-00C04F79EFBC}") = "ExpressionBuilder", "src\ExpressionBuilder\ExpressionBuilder.csproj", "{70BF550D-5943-4162-8FAB-0BBA743A3D93}"
EndProject
Project("{FAE04EC0-301F-11D3-BF4B-00C04F79EFBC}") = "ExpressionBuilder.Test", "test\ExpressionBuilder.Test\ExpressionBuilder.Test.csproj", "{7A9F0112-5A67-467D-9983-5069DF3DC5E8}"
EndProject
Project("{FAE04EC0-301F-11D3-BF4B-00C04F79EFBC}") = "ExpressionBuilder.WinForms", "tools\ExpressionBuilder.WinForms\ExpressionBuilder.WinForms.csproj", "{5706B594-1D5D-43EC-BFE3-BC6B971C448D}"
EndProject
Global
	GlobalSection(SolutionConfigurationPlatforms) = preSolution
		Debug|Any CPU = Debug|Any CPU
		Release|Any CPU = Release|Any CPU
	EndGlobalSection
	GlobalSection(ProjectConfigurationPlatforms) = postSolution
		{70BF550D-5943-4162-8FAB-0BBA743A3D93}.Debug|Any CPU.ActiveCfg = Debug|Any CPU
		{70BF550D-5943-4162-8FAB-0BBA743A3D93}.Debug|Any CPU.Build.0 = Debug|Any CPU
		{70BF550D-5943-4162-8FAB-0BBA743A3D93}.Release|Any CPU.ActiveCfg = Release|Any CPU
		{70BF550D-5943-4162-8FAB-0BBA743A3D93}.Release|Any CPU.Build.0 = Release|Any CPU
		{7A9F0112-5A67-467D-9983-5069DF3DC5E8}.Debug|Any CPU.ActiveCfg = Debug|Any CPU
		{7A9F0112-5A67-467D-9983-5069DF3DC5E8}.Debug|Any CPU.Build.0 = Debug|Any CPU
		{7A9F0112-5A67-467D-9983-5069DF3DC5E8}.Release|Any CPU.ActiveCfg = Release|Any CPU
		{7A9F0112-5A67-467D-9983-5069DF3DC5E8}.Release|Any CPU.Build.0 = Release|Any CPU
		{5706B594-1D5D-43EC-BFE3-BC6B971C448D}.Debug|Any CPU.ActiveCfg = Debug|Any CPU
		{5706B594-1D5D-43EC-BFE3-BC6B971C448D}.Debug|Any CPU.Build.0 = Debug|Any CPU
		{5706B594-1D5D-43EC-BFE3-BC6B971C448D}.Release|Any CPU.ActiveCfg = Release|Any CPU
		{5706B594-1D5D-43EC-BFE3-BC6B971C448D}.Release|Any CPU.Build.0 = Release|Any CPU
	EndGlobalSection
	GlobalSection(SolutionProperties) = preSolution
		HideSolutionNode = FALSE
	EndGlobalSection
	GlobalSection(NestedProjects) = preSolution
		{70BF550D-5943-4162-8FAB-0BBA743A3D93} = {2162E76A-3FC3-4FE4-95A0-28C680F850B5}
		{7A9F0112-5A67-467D-9983-5069DF3DC5E8} = {0B6EBAF3-AC02-4121-95F5-206CFCA917A1}
		{5706B594-1D5D-43EC-BFE3-BC6B971C448D} = {E42A36BE-21ED-4E40-9D4A-AC4AE6B6EA38}
	EndGlobalSection
	GlobalSection(ExtensibilityGlobals) = postSolution
		SolutionGuid = {3D3872E8-5066-4D75-B19C-B73401FF48ED}
	EndGlobalSection
EndGlobal
